
Microsoft Visual Studio Solution File, Format Version 12.00
# Visual Studio Version 16
VisualStudioVersion = 16.0.29306.81
MinimumVisualStudioVersion = 10.0.40219.1
Project("{FAE04EC0-301F-11D3-BF4B-00C04F79EFBC}") = "Ind_Zadanie", "Ind_Zadanie\Ind_Zadanie.csproj", "{9F6FF43B-1D30-4C29-AF63-80CF7F08CD7B}"
EndProject
Project("{2150E333-8FDC-42A3-9474-1A3956D46DE8}") = "Indzd", "Indzd", "{D2D83725-F1D1-425C-B722-CA8613FE90EB}"
EndProject
Global
	GlobalSection(SolutionConfigurationPlatforms) = preSolution
		Debug|Any CPU = Debug|Any CPU
		Release|Any CPU = Release|Any CPU
	EndGlobalSection
	GlobalSection(ProjectConfigurationPlatforms) = postSolution
		{9F6FF43B-1D30-4C29-AF63-80CF7F08CD7B}.Debug|Any CPU.ActiveCfg = Debug|Any CPU
		{9F6FF43B-1D30-4C29-AF63-80CF7F08CD7B}.Debug|Any CPU.Build.0 = Debug|Any CPU
		{9F6FF43B-1D30-4C29-AF63-80CF7F08CD7B}.Release|Any CPU.ActiveCfg = Release|Any CPU
		{9F6FF43B-1D30-4C29-AF63-80CF7F08CD7B}.Release|Any CPU.Build.0 = Release|Any CPU
	EndGlobalSection
	GlobalSection(SolutionProperties) = preSolution
		HideSolutionNode = FALSE
	EndGlobalSection
	GlobalSection(ExtensibilityGlobals) = postSolution
		SolutionGuid = {34BDE918-4984-416E-BCD9-188C24C128CD}
	EndGlobalSection
EndGlobal
